
Microsoft Visual Studio Solution File, Format Version 12.00
# Visual Studio Version 17
VisualStudioVersion = 17.4.33205.214
MinimumVisualStudioVersion = 10.0.40219.1
Project("{FAE04EC0-301F-11D3-BF4B-00C04F79EFBC}") = "ProjetoScania2", "ProjetoScania2\ProjetoScania2.csproj", "{BD20F677-D446-4693-AB33-AEB15D54491B}"
EndProject
Global
	GlobalSection(SolutionConfigurationPlatforms) = preSolution
		Debug|Any CPU = Debug|Any CPU
		Release|Any CPU = Release|Any CPU
	EndGlobalSection
	GlobalSection(ProjectConfigurationPlatforms) = postSolution
		{BD20F677-D446-4693-AB33-AEB15D54491B}.Debug|Any CPU.ActiveCfg = Debug|Any CPU
		{BD20F677-D446-4693-AB33-AEB15D54491B}.Debug|Any CPU.Build.0 = Debug|Any CPU
		{BD20F677-D446-4693-AB33-AEB15D54491B}.Release|Any CPU.ActiveCfg = Release|Any CPU
		{BD20F677-D446-4693-AB33-AEB15D54491B}.Release|Any CPU.Build.0 = Release|Any CPU
	EndGlobalSection
	GlobalSection(SolutionProperties) = preSolution
		HideSolutionNode = FALSE
	EndGlobalSection
	GlobalSection(ExtensibilityGlobals) = postSolution
		SolutionGuid = {81D81BA1-EFB0-4E53-8F9F-26742CB2CACA}
	EndGlobalSection
EndGlobal
