
Microsoft Visual Studio Solution File, Format Version 12.00
# Visual Studio Version 17
VisualStudioVersion = 17.4.33205.214
MinimumVisualStudioVersion = 10.0.40219.1
Project("{FAE04EC0-301F-11D3-BF4B-00C04F79EFBC}") = "ProjetoVaga2", "ProjetoVaga2\ProjetoVaga2.csproj", "{274ADDB1-8556-4BF9-8D14-FB0BBE2AADC2}"
EndProject
Global
	GlobalSection(SolutionConfigurationPlatforms) = preSolution
		Debug|Any CPU = Debug|Any CPU
		Release|Any CPU = Release|Any CPU
	EndGlobalSection
	GlobalSection(ProjectConfigurationPlatforms) = postSolution
		{274ADDB1-8556-4BF9-8D14-FB0BBE2AADC2}.Debug|Any CPU.ActiveCfg = Debug|Any CPU
		{274ADDB1-8556-4BF9-8D14-FB0BBE2AADC2}.Debug|Any CPU.Build.0 = Debug|Any CPU
		{274ADDB1-8556-4BF9-8D14-FB0BBE2AADC2}.Release|Any CPU.ActiveCfg = Release|Any CPU
		{274ADDB1-8556-4BF9-8D14-FB0BBE2AADC2}.Release|Any CPU.Build.0 = Release|Any CPU
	EndGlobalSection
	GlobalSection(SolutionProperties) = preSolution
		HideSolutionNode = FALSE
	EndGlobalSection
	GlobalSection(ExtensibilityGlobals) = postSolution
		SolutionGuid = {1B1EA413-9155-47CF-ADB7-736E4063A0E0}
	EndGlobalSection
EndGlobal
